// !$*UTF8*$!
{
	archiveVersion = 1;
	classes = {
	};
	objectVersion = 50;
	objects = {

/* Begin PBXBuildFile section */
		44D4302B2630B10E00EB508A /* GitPrueba1.xcdatamodeld in Sources */ = {isa = PBXBuildFile; fileRef = 44D430152630B10D00EB508A /* GitPrueba1.xcdatamodeld */; };
		44D4302C2630B10E00EB508A /* GitPrueba1.xcdatamodeld in Sources */ = {isa = PBXBuildFile; fileRef = 44D430152630B10D00EB508A /* GitPrueba1.xcdatamodeld */; };
		44D4302D2630B10E00EB508A /* GitPrueba1App.swift in Sources */ = {isa = PBXBuildFile; fileRef = 44D430172630B10D00EB508A /* GitPrueba1App.swift */; };
		44D4302E2630B10E00EB508A /* GitPrueba1App.swift in Sources */ = {isa = PBXBuildFile; fileRef = 44D430172630B10D00EB508A /* GitPrueba1App.swift */; };
		44D4302F2630B10E00EB508A /* ContentView.swift in Sources */ = {isa = PBXBuildFile; fileRef = 44D430182630B10D00EB508A /* ContentView.swift */; };
		44D430302630B10E00EB508A /* ContentView.swift in Sources */ = {isa = PBXBuildFile; fileRef = 44D430182630B10D00EB508A /* ContentView.swift */; };
		44D430312630B10E00EB508A /* Persistence.swift in Sources */ = {isa = PBXBuildFile; fileRef = 44D430192630B10D00EB508A /* Persistence.swift */; };
		44D430322630B10E00EB508A /* Persistence.swift in Sources */ = {isa = PBXBuildFile; fileRef = 44D430192630B10D00EB508A /* Persistence.swift */; };
		44D430332630B10E00EB508A /* Assets.xcassets in Resources */ = {isa = PBXBuildFile; fileRef = 44D4301A2630B10E00EB508A /* Assets.xcassets */; };
		44D430342630B10E00EB508A /* Assets.xcassets in Resources */ = {isa = PBXBuildFile; fileRef = 44D4301A2630B10E00EB508A /* Assets.xcassets */; };
/* End PBXBuildFile section */

/* Begin PBXFileReference section */
		44D430162630B10D00EB508A /* Shared.xcdatamodel */ = {isa = PBXFileReference; lastKnownFileType = wrapper.xcdatamodel; path = Shared.xcdatamodel; sourceTree = "<group>"; };
		44D430172630B10D00EB508A /* GitPrueba1App.swift */ = {isa = PBXFileReference; lastKnownFileType = sourcecode.swift; path = GitPrueba1App.swift; sourceTree = "<group>"; };
		44D430182630B10D00EB508A /* ContentView.swift */ = {isa = PBXFileReference; lastKnownFileType = sourcecode.swift; path = ContentView.swift; sourceTree = "<group>"; };
		44D430192630B10D00EB508A /* Persistence.swift */ = {isa = PBXFileReference; lastKnownFileType = sourcecode.swift; path = Persistence.swift; sourceTree = "<group>"; };
		44D4301A2630B10E00EB508A /* Assets.xcassets */ = {isa = PBXFileReference; lastKnownFileType = folder.assetcatalog; path = Assets.xcassets; sourceTree = "<group>"; };
		44D4301F2630B10E00EB508A /* GitPrueba1.app */ = {isa = PBXFileReference; explicitFileType = wrapper.application; includeInIndex = 0; path = GitPrueba1.app; sourceTree = BUILT_PRODUCTS_DIR; };
		44D430222630B10E00EB508A /* Info.plist */ = {isa = PBXFileReference; lastKnownFileType = text.plist.xml; path = Info.plist; sourceTree = "<group>"; };
		44D430272630B10E00EB508A /* GitPrueba1.app */ = {isa = PBXFileReference; explicitFileType = wrapper.application; includeInIndex = 0; path = GitPrueba1.app; sourceTree = BUILT_PRODUCTS_DIR; };
		44D430292630B10E00EB508A /* Info.plist */ = {isa = PBXFileReference; lastKnownFileType = text.plist.xml; path = Info.plist; sourceTree = "<group>"; };
		44D4302A2630B10E00EB508A /* macOS.entitlements */ = {isa = PBXFileReference; lastKnownFileType = text.plist.entitlements; path = macOS.entitlements; sourceTree = "<group>"; };
/* End PBXFileReference section */

/* Begin PBXFrameworksBuildPhase section */
		44D4301C2630B10E00EB508A /* Frameworks */ = {
			isa = PBXFrameworksBuildPhase;
			buildActionMask = 2147483647;
			files = (
			);
			runOnlyForDeploymentPostprocessing = 0;
		};
		44D430242630B10E00EB508A /* Frameworks */ = {
			isa = PBXFrameworksBuildPhase;
			buildActionMask = 2147483647;
			files = (
			);
			runOnlyForDeploymentPostprocessing = 0;
		};
/* End PBXFrameworksBuildPhase section */

/* Begin PBXGroup section */
		44D4300F2630B10D00EB508A = {
			isa = PBXGroup;
			children = (
				44D430142630B10D00EB508A /* Shared */,
				44D430212630B10E00EB508A /* iOS */,
				44D430282630B10E00EB508A /* macOS */,
				44D430202630B10E00EB508A /* Products */,
			);
			sourceTree = "<group>";
		};
		44D430142630B10D00EB508A /* Shared */ = {
			isa = PBXGroup;
			children = (
				44D430172630B10D00EB508A /* GitPrueba1App.swift */,
				44D430182630B10D00EB508A /* ContentView.swift */,
				44D430192630B10D00EB508A /* Persistence.swift */,
				44D4301A2630B10E00EB508A /* Assets.xcassets */,
				44D430152630B10D00EB508A /* GitPrueba1.xcdatamodeld */,
			);
			path = Shared;
			sourceTree = "<group>";
		};
		44D430202630B10E00EB508A /* Products */ = {
			isa = PBXGroup;
			children = (
				44D4301F2630B10E00EB508A /* GitPrueba1.app */,
				44D430272630B10E00EB508A /* GitPrueba1.app */,
			);
			name = Products;
			sourceTree = "<group>";
		};
		44D430212630B10E00EB508A /* iOS */ = {
			isa = PBXGroup;
			children = (
				44D430222630B10E00EB508A /* Info.plist */,
			);
			path = iOS;
			sourceTree = "<group>";
		};
		44D430282630B10E00EB508A /* macOS */ = {
			isa = PBXGroup;
			children = (
				44D430292630B10E00EB508A /* Info.plist */,
				44D4302A2630B10E00EB508A /* macOS.entitlements */,
			);
			path = macOS;
			sourceTree = "<group>";
		};
/* End PBXGroup section */

/* Begin PBXNativeTarget section */
		44D4301E2630B10E00EB508A /* GitPrueba1 (iOS) */ = {
			isa = PBXNativeTarget;
			buildConfigurationList = 44D430372630B10E00EB508A /* Build configuration list for PBXNativeTarget "GitPrueba1 (iOS)" */;
			buildPhases = (
				44D4301B2630B10E00EB508A /* Sources */,
				44D4301C2630B10E00EB508A /* Frameworks */,
				44D4301D2630B10E00EB508A /* Resources */,
			);
			buildRules = (
			);
			dependencies = (
			);
			name = "GitPrueba1 (iOS)";
			productName = "GitPrueba1 (iOS)";
			productReference = 44D4301F2630B10E00EB508A /* GitPrueba1.app */;
			productType = "com.apple.product-type.application";
		};
		44D430262630B10E00EB508A /* GitPrueba1 (macOS) */ = {
			isa = PBXNativeTarget;
			buildConfigurationList = 44D4303A2630B10E00EB508A /* Build configuration list for PBXNativeTarget "GitPrueba1 (macOS)" */;
			buildPhases = (
				44D430232630B10E00EB508A /* Sources */,
				44D430242630B10E00EB508A /* Frameworks */,
				44D430252630B10E00EB508A /* Resources */,
			);
			buildRules = (
			);
			dependencies = (
			);
			name = "GitPrueba1 (macOS)";
			productName = "GitPrueba1 (macOS)";
			productReference = 44D430272630B10E00EB508A /* GitPrueba1.app */;
			productType = "com.apple.product-type.application";
		};
/* End PBXNativeTarget section */

/* Begin PBXProject section */
		44D430102630B10D00EB508A /* Project object */ = {
			isa = PBXProject;
			attributes = {
				LastSwiftUpdateCheck = 1240;
				LastUpgradeCheck = 1240;
				TargetAttributes = {
					44D4301E2630B10E00EB508A = {
						CreatedOnToolsVersion = 12.4;
					};
					44D430262630B10E00EB508A = {
						CreatedOnToolsVersion = 12.4;
					};
				};
			};
			buildConfigurationList = 44D430132630B10D00EB508A /* Build configuration list for PBXProject "GitPrueba1" */;
			compatibilityVersion = "Xcode 9.3";
			developmentRegion = en;
			hasScannedForEncodings = 0;
			knownRegions = (
				en,
				Base,
			);
			mainGroup = 44D4300F2630B10D00EB508A;
			productRefGroup = 44D430202630B10E00EB508A /* Products */;
			projectDirPath = "";
			projectRoot = "";
			targets = (
				44D4301E2630B10E00EB508A /* GitPrueba1 (iOS) */,
				44D430262630B10E00EB508A /* GitPrueba1 (macOS) */,
			);
		};
/* End PBXProject section */

/* Begin PBXResourcesBuildPhase section */
		44D4301D2630B10E00EB508A /* Resources */ = {
			isa = PBXResourcesBuildPhase;
			buildActionMask = 2147483647;
			files = (
				44D430332630B10E00EB508A /* Assets.xcassets in Resources */,
			);
			runOnlyForDeploymentPostprocessing = 0;
		};
		44D430252630B10E00EB508A /* Resources */ = {
			isa = PBXResourcesBuildPhase;
			buildActionMask = 2147483647;
			files = (
				44D430342630B10E00EB508A /* Assets.xcassets in Resources */,
			);
			runOnlyForDeploymentPostprocessing = 0;
		};
/* End PBXResourcesBuildPhase section */

/* Begin PBXSourcesBuildPhase section */
		44D4301B2630B10E00EB508A /* Sources */ = {
			isa = PBXSourcesBuildPhase;
			buildActionMask = 2147483647;
			files = (
				44D4302B2630B10E00EB508A /* GitPrueba1.xcdatamodeld in Sources */,
				44D430312630B10E00EB508A /* Persistence.swift in Sources */,
				44D4302D2630B10E00EB508A /* GitPrueba1App.swift in Sources */,
				44D4302F2630B10E00EB508A /* ContentView.swift in Sources */,
			);
			runOnlyForDeploymentPostprocessing = 0;
		};
		44D430232630B10E00EB508A /* Sources */ = {
			isa = PBXSourcesBuildPhase;
			buildActionMask = 2147483647;
			files = (
				44D4302C2630B10E00EB508A /* GitPrueba1.xcdatamodeld in Sources */,
				44D430322630B10E00EB508A /* Persistence.swift in Sources */,
				44D4302E2630B10E00EB508A /* GitPrueba1App.swift in Sources */,
				44D430302630B10E00EB508A /* ContentView.swift in Sources */,
			);
			runOnlyForDeploymentPostprocessing = 0;
		};
/* End PBXSourcesBuildPhase section */

/* Begin XCBuildConfiguration section */
		44D430352630B10E00EB508A /* Debug */ = {
			isa = XCBuildConfiguration;
			buildSettings = {
				ALWAYS_SEARCH_USER_PATHS = NO;
				CLANG_ANALYZER_NONNULL = YES;
				CLANG_ANALYZER_NUMBER_OBJECT_CONVERSION = YES_AGGRESSIVE;
				CLANG_CXX_LANGUAGE_STANDARD = "gnu++14";
				CLANG_CXX_LIBRARY = "libc++";
				CLANG_ENABLE_MODULES = YES;
				CLANG_ENABLE_OBJC_ARC = YES;
				CLANG_ENABLE_OBJC_WEAK = YES;
				CLANG_WARN_BLOCK_CAPTURE_AUTORELEASING = YES;
				CLANG_WARN_BOOL_CONVERSION = YES;
				CLANG_WARN_COMMA = YES;
				CLANG_WARN_CONSTANT_CONVERSION = YES;
				CLANG_WARN_DEPRECATED_OBJC_IMPLEMENTATIONS = YES;
				CLANG_WARN_DIRECT_OBJC_ISA_USAGE = YES_ERROR;
				CLANG_WARN_DOCUMENTATION_COMMENTS = YES;
				CLANG_WARN_EMPTY_BODY = YES;
				CLANG_WARN_ENUM_CONVERSION = YES;
				CLANG_WARN_INFINITE_RECURSION = YES;
				CLANG_WARN_INT_CONVERSION = YES;
				CLANG_WARN_NON_LITERAL_NULL_CONVERSION = YES;
				CLANG_WARN_OBJC_IMPLICIT_RETAIN_SELF = YES;
				CLANG_WARN_OBJC_LITERAL_CONVERSION = YES;
				CLANG_WARN_OBJC_ROOT_CLASS = YES_ERROR;
				CLANG_WARN_QUOTED_INCLUDE_IN_FRAMEWORK_HEADER = YES;
				CLANG_WARN_RANGE_LOOP_ANALYSIS = YES;
				CLANG_WARN_STRICT_PROTOTYPES = YES;
				CLANG_WARN_SUSPICIOUS_MOVE = YES;
				CLANG_WARN_UNGUARDED_AVAILABILITY = YES_AGGRESSIVE;
				CLANG_WARN_UNREACHABLE_CODE = YES;
				CLANG_WARN__DUPLICATE_METHOD_MATCH = YES;
				COPY_PHASE_STRIP = NO;
				DEBUG_INFORMATION_FORMAT = dwarf;
				ENABLE_STRICT_OBJC_MSGSEND = YES;
				ENABLE_TESTABILITY = YES;
				GCC_C_LANGUAGE_STANDARD = gnu11;
				GCC_DYNAMIC_NO_PIC = NO;
				GCC_NO_COMMON_BLOCKS = YES;
				GCC_OPTIMIZATION_LEVEL = 0;
				GCC_PREPROCESSOR_DEFINITIONS = (
					"DEBUG=1",
					"$(inherited)",
				);
				GCC_WARN_64_TO_32_BIT_CONVERSION = YES;
				GCC_WARN_ABOUT_RETURN_TYPE = YES_ERROR;
				GCC_WARN_UNDECLARED_SELECTOR = YES;
				GCC_WARN_UNINITIALIZED_AUTOS = YES_AGGRESSIVE;
				GCC_WARN_UNUSED_FUNCTION = YES;
				GCC_WARN_UNUSED_VARIABLE = YES;
				MTL_ENABLE_DEBUG_INFO = INCLUDE_SOURCE;
				MTL_FAST_MATH = YES;
				ONLY_ACTIVE_ARCH = YES;
				SWIFT_ACTIVE_COMPILATION_CONDITIONS = DEBUG;
				SWIFT_OPTIMIZATION_LEVEL = "-Onone";
			};
			name = Debug;
		};
		44D430362630B10E00EB508A /* Release */ = {
			isa = XCBuildConfiguration;
			buildSettings = {
				ALWAYS_SEARCH_USER_PATHS = NO;
				CLANG_ANALYZER_NONNULL = YES;
				CLANG_ANALYZER_NUMBER_OBJECT_CONVERSION = YES_AGGRESSIVE;
				CLANG_CXX_LANGUAGE_STANDARD = "gnu++14";
				CLANG_CXX_LIBRARY = "libc++";
				CLANG_ENABLE_MODULES = YES;
				CLANG_ENABLE_OBJC_ARC = YES;
				CLANG_ENABLE_OBJC_WEAK = YES;
				CLANG_WARN_BLOCK_CAPTURE_AUTORELEASING = YES;
				CLANG_WARN_BOOL_CONVERSION = YES;
				CLANG_WARN_COMMA = YES;
				CLANG_WARN_CONSTANT_CONVERSION = YES;
				CLANG_WARN_DEPRECATED_OBJC_IMPLEMENTATIONS = YES;
				CLANG_WARN_DIRECT_OBJC_ISA_USAGE = YES_ERROR;
				CLANG_WARN_DOCUMENTATION_COMMENTS = YES;
				CLANG_WARN_EMPTY_BODY = YES;
				CLANG_WARN_ENUM_CONVERSION = YES;
				CLANG_WARN_INFINITE_RECURSION = YES;
				CLANG_WARN_INT_CONVERSION = YES;
				CLANG_WARN_NON_LITERAL_NULL_CONVERSION = YES;
				CLANG_WARN_OBJC_IMPLICIT_RETAIN_SELF = YES;
				CLANG_WARN_OBJC_LITERAL_CONVERSION = YES;
				CLANG_WARN_OBJC_ROOT_CLASS = YES_ERROR;
				CLANG_WARN_QUOTED_INCLUDE_IN_FRAMEWORK_HEADER = YES;
				CLANG_WARN_RANGE_LOOP_ANALYSIS = YES;
				CLANG_WARN_STRICT_PROTOTYPES = YES;
				CLANG_WARN_SUSPICIOUS_MOVE = YES;
				CLANG_WARN_UNGUARDED_AVAILABILITY = YES_AGGRESSIVE;
				CLANG_WARN_UNREACHABLE_CODE = YES;
				CLANG_WARN__DUPLICATE_METHOD_MATCH = YES;
				COPY_PHASE_STRIP = NO;
				DEBUG_INFORMATION_FORMAT = "dwarf-with-dsym";
				ENABLE_NS_ASSERTIONS = NO;
				ENABLE_STRICT_OBJC_MSGSEND = YES;
				GCC_C_LANGUAGE_STANDARD = gnu11;
				GCC_NO_COMMON_BLOCKS = YES;
				GCC_WARN_64_TO_32_BIT_CONVERSION = YES;
				GCC_WARN_ABOUT_RETURN_TYPE = YES_ERROR;
				GCC_WARN_UNDECLARED_SELECTOR = YES;
				GCC_WARN_UNINITIALIZED_AUTOS = YES_AGGRESSIVE;
				GCC_WARN_UNUSED_FUNCTION = YES;
				GCC_WARN_UNUSED_VARIABLE = YES;
				MTL_ENABLE_DEBUG_INFO = NO;
				MTL_FAST_MATH = YES;
				SWIFT_COMPILATION_MODE = wholemodule;
				SWIFT_OPTIMIZATION_LEVEL = "-O";
			};
			name = Release;
		};
		44D430382630B10E00EB508A /* Debug */ = {
			isa = XCBuildConfiguration;
			buildSettings = {
				ASSETCATALOG_COMPILER_APPICON_NAME = AppIcon;
				ASSETCATALOG_COMPILER_GLOBAL_ACCENT_COLOR_NAME = AccentColor;
				CODE_SIGN_STYLE = Automatic;
				DEVELOPMENT_TEAM = 7AFZKP3TT6;
				ENABLE_PREVIEWS = YES;
				INFOPLIST_FILE = iOS/Info.plist;
				IPHONEOS_DEPLOYMENT_TARGET = 14.0;
				LD_RUNPATH_SEARCH_PATHS = (
					"$(inherited)",
					"@executable_path/Frameworks",
				);
				PRODUCT_BUNDLE_IDENTIFIER = com.itarabot.GitPrueba1;
				PRODUCT_NAME = GitPrueba1;
				SDKROOT = iphoneos;
				SWIFT_VERSION = 5.0;
				TARGETED_DEVICE_FAMILY = "1,2";
			};
			name = Debug;
		};
		44D430392630B10E00EB508A /* Release */ = {
			isa = XCBuildConfiguration;
			buildSettings = {
				ASSETCATALOG_COMPILER_APPICON_NAME = AppIcon;
				ASSETCATALOG_COMPILER_GLOBAL_ACCENT_COLOR_NAME = AccentColor;
				CODE_SIGN_STYLE = Automatic;
				DEVELOPMENT_TEAM = 7AFZKP3TT6;
				ENABLE_PREVIEWS = YES;
				INFOPLIST_FILE = iOS/Info.plist;
				IPHONEOS_DEPLOYMENT_TARGET = 14.0;
				LD_RUNPATH_SEARCH_PATHS = (
					"$(inherited)",
					"@executable_path/Frameworks",
				);
				PRODUCT_BUNDLE_IDENTIFIER = com.itarabot.GitPrueba1;
				PRODUCT_NAME = GitPrueba1;
				SDKROOT = iphoneos;
				SWIFT_VERSION = 5.0;
				TARGETED_DEVICE_FAMILY = "1,2";
				VALIDATE_PRODUCT = YES;
			};
			name = Release;
		};
		44D4303B2630B10E00EB508A /* Debug */ = {
			isa = XCBuildConfiguration;
			buildSettings = {
				ASSETCATALOG_COMPILER_APPICON_NAME = AppIcon;
				ASSETCATALOG_COMPILER_GLOBAL_ACCENT_COLOR_NAME = AccentColor;
				CODE_SIGN_ENTITLEMENTS = macOS/macOS.entitlements;
				CODE_SIGN_STYLE = Automatic;
				COMBINE_HIDPI_IMAGES = YES;
				DEVELOPMENT_TEAM = 7AFZKP3TT6;
				ENABLE_HARDENED_RUNTIME = YES;
				ENABLE_PREVIEWS = YES;
				INFOPLIST_FILE = macOS/Info.plist;
				LD_RUNPATH_SEARCH_PATHS = (
					"$(inherited)",
					"@executable_path/../Frameworks",
				);
				MACOSX_DEPLOYMENT_TARGET = 11.0;
				PRODUCT_BUNDLE_IDENTIFIER = com.itarabot.GitPrueba1;
				PRODUCT_NAME = GitPrueba1;
				SDKROOT = macosx;
				SWIFT_VERSION = 5.0;
			};
			name = Debug;
		};
		44D4303C2630B10E00EB508A /* Release */ = {
			isa = XCBuildConfiguration;
			buildSettings = {
				ASSETCATALOG_COMPILER_APPICON_NAME = AppIcon;
				ASSETCATALOG_COMPILER_GLOBAL_ACCENT_COLOR_NAME = AccentColor;
				CODE_SIGN_ENTITLEMENTS = macOS/macOS.entitlements;
				CODE_SIGN_STYLE = Automatic;
				COMBINE_HIDPI_IMAGES = YES;
				DEVELOPMENT_TEAM = 7AFZKP3TT6;
				ENABLE_HARDENED_RUNTIME = YES;
				ENABLE_PREVIEWS = YES;
				INFOPLIST_FILE = macOS/Info.plist;
				LD_RUNPATH_SEARCH_PATHS = (
					"$(inherited)",
					"@executable_path/../Frameworks",
				);
				MACOSX_DEPLOYMENT_TARGET = 11.0;
				PRODUCT_BUNDLE_IDENTIFIER = com.itarabot.GitPrueba1;
				PRODUCT_NAME = GitPrueba1;
				SDKROOT = macosx;
				SWIFT_VERSION = 5.0;
			};
			name = Release;
		};
/* End XCBuildConfiguration section */

/* Begin XCConfigurationList section */
		44D430132630B10D00EB508A /* Build configuration list for PBXProject "GitPrueba1" */ = {
			isa = XCConfigurationList;
			buildConfigurations = (
				44D430352630B10E00EB508A /* Debug */,
				44D430362630B10E00EB508A /* Release */,
			);
			defaultConfigurationIsVisible = 0;
			defaultConfigurationName = Release;
		};
		44D430372630B10E00EB508A /* Build configuration list for PBXNativeTarget "GitPrueba1 (iOS)" */ = {
			isa = XCConfigurationList;
			buildConfigurations = (
				44D430382630B10E00EB508A /* Debug */,
				44D430392630B10E00EB508A /* Release */,
			);
			defaultConfigurationIsVisible = 0;
			defaultConfigurationName = Release;
		};
		44D4303A2630B10E00EB508A /* Build configuration list for PBXNativeTarget "GitPrueba1 (macOS)" */ = {
			isa = XCConfigurationList;
			buildConfigurations = (
				44D4303B2630B10E00EB508A /* Debug */,
				44D4303C2630B10E00EB508A /* Release */,
			);
			defaultConfigurationIsVisible = 0;
			defaultConfigurationName = Release;
		};
/* End XCConfigurationList section */

/* Begin XCVersionGroup section */
		44D430152630B10D00EB508A /* GitPrueba1.xcdatamodeld */ = {
			isa = XCVersionGroup;
			children = (
				44D430162630B10D00EB508A /* Shared.xcdatamodel */,
			);
			currentVersion = 44D430162630B10D00EB508A /* Shared.xcdatamodel */;
			path = GitPrueba1.xcdatamodeld;
			sourceTree = "<group>";
			versionGroupType = wrapper.xcdatamodel;
		};
/* End XCVersionGroup section */
	};
	rootObject = 44D430102630B10D00EB508A /* Project object */;
}
